
Microsoft Visual Studio Solution File, Format Version 12.00
# Visual Studio Version 17
VisualStudioVersion = 17.0.31903.59
MinimumVisualStudioVersion = 10.0.40219.1
Project("{2150E333-8FDC-42A3-9474-1A3956D46DE8}") = "src", "src", "{922B71C8-E691-48CA-B060-83F39C93AB11}"
EndProject
Project("{FAE04EC0-301F-11D3-BF4B-00C04F79EFBC}") = "Conduit.Saga", "src\Conduit.Saga\Conduit.Saga.csproj", "{7B47AA46-E613-4127-9750-7B3B8ED1BD99}"
EndProject
Project("{FAE04EC0-301F-11D3-BF4B-00C04F79EFBC}") = "Conduit.Pipeline", "src\Conduit.Pipeline\Conduit.Pipeline.csproj", "{E285AD2A-E346-4811-A51C-62C33B620BBA}"
EndProject
Project("{FAE04EC0-301F-11D3-BF4B-00C04F79EFBC}") = "Conduit.Common", "src\Conduit.Common\Conduit.Common.csproj", "{806E7D34-A3C5-47CE-BC2D-813BC9EDD17F}"
EndProject
Project("{FAE04EC0-301F-11D3-BF4B-00C04F79EFBC}") = "Conduit.Transports.Udp", "src\Conduit.Transports.Udp\Conduit.Transports.Udp.csproj", "{3C63446A-D064-4D00-99A7-41E300096F74}"
EndProject
Project("{FAE04EC0-301F-11D3-BF4B-00C04F79EFBC}") = "Conduit.Components", "src\Conduit.Components\Conduit.Components.csproj", "{66702255-0698-4B24-8BD0-C5A82AF15DF7}"
EndProject
Project("{FAE04EC0-301F-11D3-BF4B-00C04F79EFBC}") = "Conduit.Transports.ActiveMq", "src\Conduit.Transports.ActiveMq\Conduit.Transports.ActiveMq.csproj", "{3359C2AC-414B-4339-8B3C-33D3811CA2A5}"
EndProject
Project("{FAE04EC0-301F-11D3-BF4B-00C04F79EFBC}") = "Conduit.Api", "src\Conduit.Api\Conduit.Api.csproj", "{3B1235C1-3B53-4D6D-923D-1D91B3B5F4E6}"
EndProject
Project("{FAE04EC0-301F-11D3-BF4B-00C04F79EFBC}") = "Conduit.Persistence", "src\Conduit.Persistence\Conduit.Persistence.csproj", "{3490434C-4879-4E03-9149-ED1B8FD70CAA}"
EndProject
Project("{FAE04EC0-301F-11D3-BF4B-00C04F79EFBC}") = "Conduit.Core", "src\Conduit.Core\Conduit.Core.csproj", "{BB9DB91D-1B50-4489-A417-490C786A09AA}"
EndProject
Project("{FAE04EC0-301F-11D3-BF4B-00C04F79EFBC}") = "Conduit.Serialization", "src\Conduit.Serialization\Conduit.Serialization.csproj", "{17B7EFD6-25C3-4913-9FE4-DDB22520FA8B}"
EndProject
Project("{FAE04EC0-301F-11D3-BF4B-00C04F79EFBC}") = "Conduit.Transports.Tcp", "src\Conduit.Transports.Tcp\Conduit.Transports.Tcp.csproj", "{849B154B-326C-4771-927C-16EF50C5BE36}"
EndProject
Project("{FAE04EC0-301F-11D3-BF4B-00C04F79EFBC}") = "Conduit.Messaging", "src\Conduit.Messaging\Conduit.Messaging.csproj", "{A092C062-46F1-4951-B742-D6EDC08FE766}"
EndProject
Project("{FAE04EC0-301F-11D3-BF4B-00C04F79EFBC}") = "Conduit.Transports.Core", "src\Conduit.Transports.Core\Conduit.Transports.Core.csproj", "{7864E7A4-CF72-43B1-8480-12B2366A9E11}"
EndProject
Global
	GlobalSection(SolutionConfigurationPlatforms) = preSolution
		Debug|Any CPU = Debug|Any CPU
		Release|Any CPU = Release|Any CPU
	EndGlobalSection
	GlobalSection(SolutionProperties) = preSolution
		HideSolutionNode = FALSE
	EndGlobalSection
	GlobalSection(ProjectConfigurationPlatforms) = postSolution
		{7B47AA46-E613-4127-9750-7B3B8ED1BD99}.Debug|Any CPU.ActiveCfg = Debug|Any CPU
		{7B47AA46-E613-4127-9750-7B3B8ED1BD99}.Debug|Any CPU.Build.0 = Debug|Any CPU
		{7B47AA46-E613-4127-9750-7B3B8ED1BD99}.Release|Any CPU.ActiveCfg = Release|Any CPU
		{7B47AA46-E613-4127-9750-7B3B8ED1BD99}.Release|Any CPU.Build.0 = Release|Any CPU
		{E285AD2A-E346-4811-A51C-62C33B620BBA}.Debug|Any CPU.ActiveCfg = Debug|Any CPU
		{E285AD2A-E346-4811-A51C-62C33B620BBA}.Debug|Any CPU.Build.0 = Debug|Any CPU
		{E285AD2A-E346-4811-A51C-62C33B620BBA}.Release|Any CPU.ActiveCfg = Release|Any CPU
		{E285AD2A-E346-4811-A51C-62C33B620BBA}.Release|Any CPU.Build.0 = Release|Any CPU
		{806E7D34-A3C5-47CE-BC2D-813BC9EDD17F}.Debug|Any CPU.ActiveCfg = Debug|Any CPU
		{806E7D34-A3C5-47CE-BC2D-813BC9EDD17F}.Debug|Any CPU.Build.0 = Debug|Any CPU
		{806E7D34-A3C5-47CE-BC2D-813BC9EDD17F}.Release|Any CPU.ActiveCfg = Release|Any CPU
		{806E7D34-A3C5-47CE-BC2D-813BC9EDD17F}.Release|Any CPU.Build.0 = Release|Any CPU
		{3C63446A-D064-4D00-99A7-41E300096F74}.Debug|Any CPU.ActiveCfg = Debug|Any CPU
		{3C63446A-D064-4D00-99A7-41E300096F74}.Debug|Any CPU.Build.0 = Debug|Any CPU
		{3C63446A-D064-4D00-99A7-41E300096F74}.Release|Any CPU.ActiveCfg = Release|Any CPU
		{3C63446A-D064-4D00-99A7-41E300096F74}.Release|Any CPU.Build.0 = Release|Any CPU
		{66702255-0698-4B24-8BD0-C5A82AF15DF7}.Debug|Any CPU.ActiveCfg = Debug|Any CPU
		{66702255-0698-4B24-8BD0-C5A82AF15DF7}.Debug|Any CPU.Build.0 = Debug|Any CPU
		{66702255-0698-4B24-8BD0-C5A82AF15DF7}.Release|Any CPU.ActiveCfg = Release|Any CPU
		{66702255-0698-4B24-8BD0-C5A82AF15DF7}.Release|Any CPU.Build.0 = Release|Any CPU
		{3359C2AC-414B-4339-8B3C-33D3811CA2A5}.Debug|Any CPU.ActiveCfg = Debug|Any CPU
		{3359C2AC-414B-4339-8B3C-33D3811CA2A5}.Debug|Any CPU.Build.0 = Debug|Any CPU
		{3359C2AC-414B-4339-8B3C-33D3811CA2A5}.Release|Any CPU.ActiveCfg = Release|Any CPU
		{3359C2AC-414B-4339-8B3C-33D3811CA2A5}.Release|Any CPU.Build.0 = Release|Any CPU
		{3B1235C1-3B53-4D6D-923D-1D91B3B5F4E6}.Debug|Any CPU.ActiveCfg = Debug|Any CPU
		{3B1235C1-3B53-4D6D-923D-1D91B3B5F4E6}.Debug|Any CPU.Build.0 = Debug|Any CPU
		{3B1235C1-3B53-4D6D-923D-1D91B3B5F4E6}.Release|Any CPU.ActiveCfg = Release|Any CPU
		{3B1235C1-3B53-4D6D-923D-1D91B3B5F4E6}.Release|Any CPU.Build.0 = Release|Any CPU
		{3490434C-4879-4E03-9149-ED1B8FD70CAA}.Debug|Any CPU.ActiveCfg = Debug|Any CPU
		{3490434C-4879-4E03-9149-ED1B8FD70CAA}.Debug|Any CPU.Build.0 = Debug|Any CPU
		{3490434C-4879-4E03-9149-ED1B8FD70CAA}.Release|Any CPU.ActiveCfg = Release|Any CPU
		{3490434C-4879-4E03-9149-ED1B8FD70CAA}.Release|Any CPU.Build.0 = Release|Any CPU
		{BB9DB91D-1B50-4489-A417-490C786A09AA}.Debug|Any CPU.ActiveCfg = Debug|Any CPU
		{BB9DB91D-1B50-4489-A417-490C786A09AA}.Debug|Any CPU.Build.0 = Debug|Any CPU
		{BB9DB91D-1B50-4489-A417-490C786A09AA}.Release|Any CPU.ActiveCfg = Release|Any CPU
		{BB9DB91D-1B50-4489-A417-490C786A09AA}.Release|Any CPU.Build.0 = Release|Any CPU
		{17B7EFD6-25C3-4913-9FE4-DDB22520FA8B}.Debug|Any CPU.ActiveCfg = Debug|Any CPU
		{17B7EFD6-25C3-4913-9FE4-DDB22520FA8B}.Debug|Any CPU.Build.0 = Debug|Any CPU
		{17B7EFD6-25C3-4913-9FE4-DDB22520FA8B}.Release|Any CPU.ActiveCfg = Release|Any CPU
		{17B7EFD6-25C3-4913-9FE4-DDB22520FA8B}.Release|Any CPU.Build.0 = Release|Any CPU
		{849B154B-326C-4771-927C-16EF50C5BE36}.Debug|Any CPU.ActiveCfg = Debug|Any CPU
		{849B154B-326C-4771-927C-16EF50C5BE36}.Debug|Any CPU.Build.0 = Debug|Any CPU
		{849B154B-326C-4771-927C-16EF50C5BE36}.Release|Any CPU.ActiveCfg = Release|Any CPU
		{849B154B-326C-4771-927C-16EF50C5BE36}.Release|Any CPU.Build.0 = Release|Any CPU
		{A092C062-46F1-4951-B742-D6EDC08FE766}.Debug|Any CPU.ActiveCfg = Debug|Any CPU
		{A092C062-46F1-4951-B742-D6EDC08FE766}.Debug|Any CPU.Build.0 = Debug|Any CPU
		{A092C062-46F1-4951-B742-D6EDC08FE766}.Release|Any CPU.ActiveCfg = Release|Any CPU
		{A092C062-46F1-4951-B742-D6EDC08FE766}.Release|Any CPU.Build.0 = Release|Any CPU
		{7864E7A4-CF72-43B1-8480-12B2366A9E11}.Debug|Any CPU.ActiveCfg = Debug|Any CPU
		{7864E7A4-CF72-43B1-8480-12B2366A9E11}.Debug|Any CPU.Build.0 = Debug|Any CPU
		{7864E7A4-CF72-43B1-8480-12B2366A9E11}.Release|Any CPU.ActiveCfg = Release|Any CPU
		{7864E7A4-CF72-43B1-8480-12B2366A9E11}.Release|Any CPU.Build.0 = Release|Any CPU
	EndGlobalSection
	GlobalSection(NestedProjects) = preSolution
		{7B47AA46-E613-4127-9750-7B3B8ED1BD99} = {922B71C8-E691-48CA-B060-83F39C93AB11}
		{E285AD2A-E346-4811-A51C-62C33B620BBA} = {922B71C8-E691-48CA-B060-83F39C93AB11}
		{806E7D34-A3C5-47CE-BC2D-813BC9EDD17F} = {922B71C8-E691-48CA-B060-83F39C93AB11}
		{3C63446A-D064-4D00-99A7-41E300096F74} = {922B71C8-E691-48CA-B060-83F39C93AB11}
		{66702255-0698-4B24-8BD0-C5A82AF15DF7} = {922B71C8-E691-48CA-B060-83F39C93AB11}
		{3359C2AC-414B-4339-8B3C-33D3811CA2A5} = {922B71C8-E691-48CA-B060-83F39C93AB11}
		{3B1235C1-3B53-4D6D-923D-1D91B3B5F4E6} = {922B71C8-E691-48CA-B060-83F39C93AB11}
		{3490434C-4879-4E03-9149-ED1B8FD70CAA} = {922B71C8-E691-48CA-B060-83F39C93AB11}
		{BB9DB91D-1B50-4489-A417-490C786A09AA} = {922B71C8-E691-48CA-B060-83F39C93AB11}
		{17B7EFD6-25C3-4913-9FE4-DDB22520FA8B} = {922B71C8-E691-48CA-B060-83F39C93AB11}
		{849B154B-326C-4771-927C-16EF50C5BE36} = {922B71C8-E691-48CA-B060-83F39C93AB11}
		{A092C062-46F1-4951-B742-D6EDC08FE766} = {922B71C8-E691-48CA-B060-83F39C93AB11}
		{7864E7A4-CF72-43B1-8480-12B2366A9E11} = {922B71C8-E691-48CA-B060-83F39C93AB11}
	EndGlobalSection
EndGlobal
