
Microsoft Visual Studio Solution File, Format Version 12.00
# Visual Studio Version 17
VisualStudioVersion = 17.0.31903.59
MinimumVisualStudioVersion = 10.0.40219.1
Project("{2150E333-8FDC-42A3-9474-1A3956D46DE8}") = "src", "src", "{922B71C8-E691-48CA-B060-83F39C93AB11}"
EndProject
Project("{FAE04EC0-301F-11D3-BF4B-00C04F79EFBC}") = "Conduit.Saga", "src\Conduit.Saga\Conduit.Saga.csproj", "{7B47AA46-E613-4127-9750-7B3B8ED1BD99}"
EndProject
Project("{FAE04EC0-301F-11D3-BF4B-00C04F79EFBC}") = "Conduit.Pipeline", "src\Conduit.Pipeline\Conduit.Pipeline.csproj", "{E285AD2A-E346-4811-A51C-62C33B620BBA}"
EndProject
Project("{FAE04EC0-301F-11D3-BF4B-00C04F79EFBC}") = "Conduit.Common", "src\Conduit.Common\Conduit.Common.csproj", "{806E7D34-A3C5-47CE-BC2D-813BC9EDD17F}"
EndProject
Project("{FAE04EC0-301F-11D3-BF4B-00C04F79EFBC}") = "Conduit.Transports.Udp", "src\Conduit.Transports.Udp\Conduit.Transports.Udp.csproj", "{3C63446A-D064-4D00-99A7-41E300096F74}"
EndProject
Project("{FAE04EC0-301F-11D3-BF4B-00C04F79EFBC}") = "Conduit.Components", "src\Conduit.Components\Conduit.Components.csproj", "{66702255-0698-4B24-8BD0-C5A82AF15DF7}"
EndProject
Project("{FAE04EC0-301F-11D3-BF4B-00C04F79EFBC}") = "Conduit.Transports.ActiveMq", "src\Conduit.Transports.ActiveMq\Conduit.Transports.ActiveMq.csproj", "{3359C2AC-414B-4339-8B3C-33D3811CA2A5}"
EndProject
Project("{FAE04EC0-301F-11D3-BF4B-00C04F79EFBC}") = "Conduit.Api", "src\Conduit.Api\Conduit.Api.csproj", "{3B1235C1-3B53-4D6D-923D-1D91B3B5F4E6}"
EndProject
Project("{FAE04EC0-301F-11D3-BF4B-00C04F79EFBC}") = "Conduit.Persistence", "src\Conduit.Persistence\Conduit.Persistence.csproj", "{3490434C-4879-4E03-9149-ED1B8FD70CAA}"
EndProject
Project("{FAE04EC0-301F-11D3-BF4B-00C04F79EFBC}") = "Conduit.Core", "src\Conduit.Core\Conduit.Core.csproj", "{BB9DB91D-1B50-4489-A417-490C786A09AA}"
EndProject
Project("{FAE04EC0-301F-11D3-BF4B-00C04F79EFBC}") = "Conduit.Serialization", "src\Conduit.Serialization\Conduit.Serialization.csproj", "{17B7EFD6-25C3-4913-9FE4-DDB22520FA8B}"
EndProject
Project("{FAE04EC0-301F-11D3-BF4B-00C04F79EFBC}") = "Conduit.Transports.Tcp", "src\Conduit.Transports.Tcp\Conduit.Transports.Tcp.csproj", "{849B154B-326C-4771-927C-16EF50C5BE36}"
EndProject
Project("{FAE04EC0-301F-11D3-BF4B-00C04F79EFBC}") = "Conduit.Messaging", "src\Conduit.Messaging\Conduit.Messaging.csproj", "{A092C062-46F1-4951-B742-D6EDC08FE766}"
EndProject
Project("{FAE04EC0-301F-11D3-BF4B-00C04F79EFBC}") = "Conduit.Transports.Core", "src\Conduit.Transports.Core\Conduit.Transports.Core.csproj", "{7864E7A4-CF72-43B1-8480-12B2366A9E11}"
EndProject
Project("{FAE04EC0-301F-11D3-BF4B-00C04F79EFBC}") = "Conduit.Application", "src\Conduit.Application\Conduit.Application.csproj", "{4C468D98-93DE-48FD-A117-87C89C674A7D}"
EndProject
Project("{FAE04EC0-301F-11D3-BF4B-00C04F79EFBC}") = "Conduit.Gateway", "src\Conduit.Gateway\Conduit.Gateway.csproj", "{ED71BF26-3807-4477-A3A7-F689BE65F7EB}"
EndProject
Project("{FAE04EC0-301F-11D3-BF4B-00C04F79EFBC}") = "Conduit.Metrics", "src\Conduit.Metrics\Conduit.Metrics.csproj", "{8A77248C-71EE-4C79-ABE4-511D6F9BDF5D}"
EndProject
Project("{FAE04EC0-301F-11D3-BF4B-00C04F79EFBC}") = "Conduit.Resilience", "src\Conduit.Resilience\Conduit.Resilience.csproj", "{7776D154-FF70-4B18-9407-A7A7CD5E83B4}"
EndProject
Project("{FAE04EC0-301F-11D3-BF4B-00C04F79EFBC}") = "Conduit.Security", "src\Conduit.Security\Conduit.Security.csproj", "{CA5E6EB7-84D0-488A-898B-370BE5B157DE}"
EndProject
Project("{2150E333-8FDC-42A3-9474-1A3956D46DE8}") = "tests", "tests", "{1890FD96-8A5A-4A95-8519-38A759FC29A9}"
EndProject
Project("{FAE04EC0-301F-11D3-BF4B-00C04F79EFBC}") = "Conduit.Common.Tests", "tests\Conduit.Common.Tests\Conduit.Common.Tests.csproj", "{EBABAAD7-3D84-4F1E-9BEE-7F1A8516CC99}"
EndProject
Project("{FAE04EC0-301F-11D3-BF4B-00C04F79EFBC}") = "Conduit.Core.Tests", "tests\Conduit.Core.Tests\Conduit.Core.Tests.csproj", "{1CCAF025-8322-43F2-88C7-F33B498EB410}"
EndProject
Project("{FAE04EC0-301F-11D3-BF4B-00C04F79EFBC}") = "Conduit.Messaging.Tests", "tests\Conduit.Messaging.Tests\Conduit.Messaging.Tests.csproj", "{19F44271-B6E9-4DBB-8F2C-6A6247BAD5BE}"
EndProject
Project("{FAE04EC0-301F-11D3-BF4B-00C04F79EFBC}") = "Conduit.Pipeline.Tests", "tests\Conduit.Pipeline.Tests\Conduit.Pipeline.Tests.csproj", "{382773B7-84D3-46D8-BDEC-9879493239E1}"
EndProject
Project("{FAE04EC0-301F-11D3-BF4B-00C04F79EFBC}") = "Conduit.Integration.Tests", "tests\Conduit.Integration.Tests\Conduit.Integration.Tests.csproj", "{B4E01A9B-34C4-480E-BC2F-BF74A9AA056C}"
EndProject
Project("{FAE04EC0-301F-11D3-BF4B-00C04F79EFBC}") = "Conduit.Security.Tests", "tests\Conduit.Security.Tests\Conduit.Security.Tests.csproj", "{0DA66356-14F4-4F4E-9748-47302FF5FE16}"
EndProject
Project("{FAE04EC0-301F-11D3-BF4B-00C04F79EFBC}") = "Conduit.Metrics.Tests", "tests\Conduit.Metrics.Tests\Conduit.Metrics.Tests.csproj", "{12332E99-B665-41F4-8D85-9C8469E2D056}"
EndProject
Project("{FAE04EC0-301F-11D3-BF4B-00C04F79EFBC}") = "Conduit.Resilience.Tests", "tests\Conduit.Resilience.Tests\Conduit.Resilience.Tests.csproj", "{755AA0C5-140A-4399-A209-ABBE6BEDCB77}"
EndProject
Project("{FAE04EC0-301F-11D3-BF4B-00C04F79EFBC}") = "Conduit.Serialization.Tests", "tests\Conduit.Serialization.Tests\Conduit.Serialization.Tests.csproj", "{9D491C27-0239-4552-A8DA-81A29F7B64D6}"
EndProject
Project("{FAE04EC0-301F-11D3-BF4B-00C04F79EFBC}") = "Conduit.Components.Tests", "tests\Conduit.Components.Tests\Conduit.Components.Tests.csproj", "{A2879591-307E-44E4-907C-45C687ECEEE8}"
EndProject
Project("{FAE04EC0-301F-11D3-BF4B-00C04F79EFBC}") = "Conduit.Application.Tests", "tests\Conduit.Application.Tests\Conduit.Application.Tests.csproj", "{E254F55D-F970-4C5B-84BB-BC43FC9DD53C}"
EndProject
Project("{FAE04EC0-301F-11D3-BF4B-00C04F79EFBC}") = "Conduit.Gateway.Tests", "tests\Conduit.Gateway.Tests\Conduit.Gateway.Tests.csproj", "{1721097A-8FC2-4472-BF21-B25BA6693A52}"
EndProject
Project("{FAE04EC0-301F-11D3-BF4B-00C04F79EFBC}") = "Conduit.Api.Tests", "tests\Conduit.Api.Tests\Conduit.Api.Tests.csproj", "{F4B867C7-9348-4051-BF91-71DC4624406A}"
EndProject
Project("{FAE04EC0-301F-11D3-BF4B-00C04F79EFBC}") = "Conduit.Transports.Http", "src\Conduit.Transports.Http\Conduit.Transports.Http.csproj", "{DBD65647-3B9E-4ABD-956F-7C500161FC55}"
EndProject
Global
	GlobalSection(SolutionConfigurationPlatforms) = preSolution
		Debug|Any CPU = Debug|Any CPU
		Release|Any CPU = Release|Any CPU
	EndGlobalSection
	GlobalSection(SolutionProperties) = preSolution
		HideSolutionNode = FALSE
	EndGlobalSection
	GlobalSection(ProjectConfigurationPlatforms) = postSolution
		{7B47AA46-E613-4127-9750-7B3B8ED1BD99}.Debug|Any CPU.ActiveCfg = Debug|Any CPU
		{7B47AA46-E613-4127-9750-7B3B8ED1BD99}.Debug|Any CPU.Build.0 = Debug|Any CPU
		{7B47AA46-E613-4127-9750-7B3B8ED1BD99}.Release|Any CPU.ActiveCfg = Release|Any CPU
		{7B47AA46-E613-4127-9750-7B3B8ED1BD99}.Release|Any CPU.Build.0 = Release|Any CPU
		{E285AD2A-E346-4811-A51C-62C33B620BBA}.Debug|Any CPU.ActiveCfg = Debug|Any CPU
		{E285AD2A-E346-4811-A51C-62C33B620BBA}.Debug|Any CPU.Build.0 = Debug|Any CPU
		{E285AD2A-E346-4811-A51C-62C33B620BBA}.Release|Any CPU.ActiveCfg = Release|Any CPU
		{E285AD2A-E346-4811-A51C-62C33B620BBA}.Release|Any CPU.Build.0 = Release|Any CPU
		{806E7D34-A3C5-47CE-BC2D-813BC9EDD17F}.Debug|Any CPU.ActiveCfg = Debug|Any CPU
		{806E7D34-A3C5-47CE-BC2D-813BC9EDD17F}.Debug|Any CPU.Build.0 = Debug|Any CPU
		{806E7D34-A3C5-47CE-BC2D-813BC9EDD17F}.Release|Any CPU.ActiveCfg = Release|Any CPU
		{806E7D34-A3C5-47CE-BC2D-813BC9EDD17F}.Release|Any CPU.Build.0 = Release|Any CPU
		{3C63446A-D064-4D00-99A7-41E300096F74}.Debug|Any CPU.ActiveCfg = Debug|Any CPU
		{3C63446A-D064-4D00-99A7-41E300096F74}.Debug|Any CPU.Build.0 = Debug|Any CPU
		{3C63446A-D064-4D00-99A7-41E300096F74}.Release|Any CPU.ActiveCfg = Release|Any CPU
		{3C63446A-D064-4D00-99A7-41E300096F74}.Release|Any CPU.Build.0 = Release|Any CPU
		{66702255-0698-4B24-8BD0-C5A82AF15DF7}.Debug|Any CPU.ActiveCfg = Debug|Any CPU
		{66702255-0698-4B24-8BD0-C5A82AF15DF7}.Debug|Any CPU.Build.0 = Debug|Any CPU
		{66702255-0698-4B24-8BD0-C5A82AF15DF7}.Release|Any CPU.ActiveCfg = Release|Any CPU
		{66702255-0698-4B24-8BD0-C5A82AF15DF7}.Release|Any CPU.Build.0 = Release|Any CPU
		{3359C2AC-414B-4339-8B3C-33D3811CA2A5}.Debug|Any CPU.ActiveCfg = Debug|Any CPU
		{3359C2AC-414B-4339-8B3C-33D3811CA2A5}.Debug|Any CPU.Build.0 = Debug|Any CPU
		{3359C2AC-414B-4339-8B3C-33D3811CA2A5}.Release|Any CPU.ActiveCfg = Release|Any CPU
		{3359C2AC-414B-4339-8B3C-33D3811CA2A5}.Release|Any CPU.Build.0 = Release|Any CPU
		{3B1235C1-3B53-4D6D-923D-1D91B3B5F4E6}.Debug|Any CPU.ActiveCfg = Debug|Any CPU
		{3B1235C1-3B53-4D6D-923D-1D91B3B5F4E6}.Debug|Any CPU.Build.0 = Debug|Any CPU
		{3B1235C1-3B53-4D6D-923D-1D91B3B5F4E6}.Release|Any CPU.ActiveCfg = Release|Any CPU
		{3B1235C1-3B53-4D6D-923D-1D91B3B5F4E6}.Release|Any CPU.Build.0 = Release|Any CPU
		{3490434C-4879-4E03-9149-ED1B8FD70CAA}.Debug|Any CPU.ActiveCfg = Debug|Any CPU
		{3490434C-4879-4E03-9149-ED1B8FD70CAA}.Debug|Any CPU.Build.0 = Debug|Any CPU
		{3490434C-4879-4E03-9149-ED1B8FD70CAA}.Release|Any CPU.ActiveCfg = Release|Any CPU
		{3490434C-4879-4E03-9149-ED1B8FD70CAA}.Release|Any CPU.Build.0 = Release|Any CPU
		{BB9DB91D-1B50-4489-A417-490C786A09AA}.Debug|Any CPU.ActiveCfg = Debug|Any CPU
		{BB9DB91D-1B50-4489-A417-490C786A09AA}.Debug|Any CPU.Build.0 = Debug|Any CPU
		{BB9DB91D-1B50-4489-A417-490C786A09AA}.Release|Any CPU.ActiveCfg = Release|Any CPU
		{BB9DB91D-1B50-4489-A417-490C786A09AA}.Release|Any CPU.Build.0 = Release|Any CPU
		{17B7EFD6-25C3-4913-9FE4-DDB22520FA8B}.Debug|Any CPU.ActiveCfg = Debug|Any CPU
		{17B7EFD6-25C3-4913-9FE4-DDB22520FA8B}.Debug|Any CPU.Build.0 = Debug|Any CPU
		{17B7EFD6-25C3-4913-9FE4-DDB22520FA8B}.Release|Any CPU.ActiveCfg = Release|Any CPU
		{17B7EFD6-25C3-4913-9FE4-DDB22520FA8B}.Release|Any CPU.Build.0 = Release|Any CPU
		{849B154B-326C-4771-927C-16EF50C5BE36}.Debug|Any CPU.ActiveCfg = Debug|Any CPU
		{849B154B-326C-4771-927C-16EF50C5BE36}.Debug|Any CPU.Build.0 = Debug|Any CPU
		{849B154B-326C-4771-927C-16EF50C5BE36}.Release|Any CPU.ActiveCfg = Release|Any CPU
		{849B154B-326C-4771-927C-16EF50C5BE36}.Release|Any CPU.Build.0 = Release|Any CPU
		{A092C062-46F1-4951-B742-D6EDC08FE766}.Debug|Any CPU.ActiveCfg = Debug|Any CPU
		{A092C062-46F1-4951-B742-D6EDC08FE766}.Debug|Any CPU.Build.0 = Debug|Any CPU
		{A092C062-46F1-4951-B742-D6EDC08FE766}.Release|Any CPU.ActiveCfg = Release|Any CPU
		{A092C062-46F1-4951-B742-D6EDC08FE766}.Release|Any CPU.Build.0 = Release|Any CPU
		{7864E7A4-CF72-43B1-8480-12B2366A9E11}.Debug|Any CPU.ActiveCfg = Debug|Any CPU
		{7864E7A4-CF72-43B1-8480-12B2366A9E11}.Debug|Any CPU.Build.0 = Debug|Any CPU
		{7864E7A4-CF72-43B1-8480-12B2366A9E11}.Release|Any CPU.ActiveCfg = Release|Any CPU
		{7864E7A4-CF72-43B1-8480-12B2366A9E11}.Release|Any CPU.Build.0 = Release|Any CPU
		{4C468D98-93DE-48FD-A117-87C89C674A7D}.Debug|Any CPU.ActiveCfg = Debug|Any CPU
		{4C468D98-93DE-48FD-A117-87C89C674A7D}.Debug|Any CPU.Build.0 = Debug|Any CPU
		{4C468D98-93DE-48FD-A117-87C89C674A7D}.Release|Any CPU.ActiveCfg = Release|Any CPU
		{4C468D98-93DE-48FD-A117-87C89C674A7D}.Release|Any CPU.Build.0 = Release|Any CPU
		{ED71BF26-3807-4477-A3A7-F689BE65F7EB}.Debug|Any CPU.ActiveCfg = Debug|Any CPU
		{ED71BF26-3807-4477-A3A7-F689BE65F7EB}.Debug|Any CPU.Build.0 = Debug|Any CPU
		{ED71BF26-3807-4477-A3A7-F689BE65F7EB}.Release|Any CPU.ActiveCfg = Release|Any CPU
		{ED71BF26-3807-4477-A3A7-F689BE65F7EB}.Release|Any CPU.Build.0 = Release|Any CPU
		{8A77248C-71EE-4C79-ABE4-511D6F9BDF5D}.Debug|Any CPU.ActiveCfg = Debug|Any CPU
		{8A77248C-71EE-4C79-ABE4-511D6F9BDF5D}.Debug|Any CPU.Build.0 = Debug|Any CPU
		{8A77248C-71EE-4C79-ABE4-511D6F9BDF5D}.Release|Any CPU.ActiveCfg = Release|Any CPU
		{8A77248C-71EE-4C79-ABE4-511D6F9BDF5D}.Release|Any CPU.Build.0 = Release|Any CPU
		{7776D154-FF70-4B18-9407-A7A7CD5E83B4}.Debug|Any CPU.ActiveCfg = Debug|Any CPU
		{7776D154-FF70-4B18-9407-A7A7CD5E83B4}.Debug|Any CPU.Build.0 = Debug|Any CPU
		{7776D154-FF70-4B18-9407-A7A7CD5E83B4}.Release|Any CPU.ActiveCfg = Release|Any CPU
		{7776D154-FF70-4B18-9407-A7A7CD5E83B4}.Release|Any CPU.Build.0 = Release|Any CPU
		{CA5E6EB7-84D0-488A-898B-370BE5B157DE}.Debug|Any CPU.ActiveCfg = Debug|Any CPU
		{CA5E6EB7-84D0-488A-898B-370BE5B157DE}.Debug|Any CPU.Build.0 = Debug|Any CPU
		{CA5E6EB7-84D0-488A-898B-370BE5B157DE}.Release|Any CPU.ActiveCfg = Release|Any CPU
		{CA5E6EB7-84D0-488A-898B-370BE5B157DE}.Release|Any CPU.Build.0 = Release|Any CPU
		{EBABAAD7-3D84-4F1E-9BEE-7F1A8516CC99}.Debug|Any CPU.ActiveCfg = Debug|Any CPU
		{EBABAAD7-3D84-4F1E-9BEE-7F1A8516CC99}.Debug|Any CPU.Build.0 = Debug|Any CPU
		{EBABAAD7-3D84-4F1E-9BEE-7F1A8516CC99}.Release|Any CPU.ActiveCfg = Release|Any CPU
		{EBABAAD7-3D84-4F1E-9BEE-7F1A8516CC99}.Release|Any CPU.Build.0 = Release|Any CPU
		{1CCAF025-8322-43F2-88C7-F33B498EB410}.Debug|Any CPU.ActiveCfg = Debug|Any CPU
		{1CCAF025-8322-43F2-88C7-F33B498EB410}.Debug|Any CPU.Build.0 = Debug|Any CPU
		{1CCAF025-8322-43F2-88C7-F33B498EB410}.Release|Any CPU.ActiveCfg = Release|Any CPU
		{1CCAF025-8322-43F2-88C7-F33B498EB410}.Release|Any CPU.Build.0 = Release|Any CPU
		{19F44271-B6E9-4DBB-8F2C-6A6247BAD5BE}.Debug|Any CPU.ActiveCfg = Debug|Any CPU
		{19F44271-B6E9-4DBB-8F2C-6A6247BAD5BE}.Debug|Any CPU.Build.0 = Debug|Any CPU
		{19F44271-B6E9-4DBB-8F2C-6A6247BAD5BE}.Release|Any CPU.ActiveCfg = Release|Any CPU
		{19F44271-B6E9-4DBB-8F2C-6A6247BAD5BE}.Release|Any CPU.Build.0 = Release|Any CPU
		{382773B7-84D3-46D8-BDEC-9879493239E1}.Debug|Any CPU.ActiveCfg = Debug|Any CPU
		{382773B7-84D3-46D8-BDEC-9879493239E1}.Debug|Any CPU.Build.0 = Debug|Any CPU
		{382773B7-84D3-46D8-BDEC-9879493239E1}.Release|Any CPU.ActiveCfg = Release|Any CPU
		{382773B7-84D3-46D8-BDEC-9879493239E1}.Release|Any CPU.Build.0 = Release|Any CPU
		{B4E01A9B-34C4-480E-BC2F-BF74A9AA056C}.Debug|Any CPU.ActiveCfg = Debug|Any CPU
		{B4E01A9B-34C4-480E-BC2F-BF74A9AA056C}.Debug|Any CPU.Build.0 = Debug|Any CPU
		{B4E01A9B-34C4-480E-BC2F-BF74A9AA056C}.Release|Any CPU.ActiveCfg = Release|Any CPU
		{B4E01A9B-34C4-480E-BC2F-BF74A9AA056C}.Release|Any CPU.Build.0 = Release|Any CPU
		{0DA66356-14F4-4F4E-9748-47302FF5FE16}.Debug|Any CPU.ActiveCfg = Debug|Any CPU
		{0DA66356-14F4-4F4E-9748-47302FF5FE16}.Debug|Any CPU.Build.0 = Debug|Any CPU
		{0DA66356-14F4-4F4E-9748-47302FF5FE16}.Release|Any CPU.ActiveCfg = Release|Any CPU
		{0DA66356-14F4-4F4E-9748-47302FF5FE16}.Release|Any CPU.Build.0 = Release|Any CPU
		{12332E99-B665-41F4-8D85-9C8469E2D056}.Debug|Any CPU.ActiveCfg = Debug|Any CPU
		{12332E99-B665-41F4-8D85-9C8469E2D056}.Debug|Any CPU.Build.0 = Debug|Any CPU
		{12332E99-B665-41F4-8D85-9C8469E2D056}.Release|Any CPU.ActiveCfg = Release|Any CPU
		{12332E99-B665-41F4-8D85-9C8469E2D056}.Release|Any CPU.Build.0 = Release|Any CPU
		{755AA0C5-140A-4399-A209-ABBE6BEDCB77}.Debug|Any CPU.ActiveCfg = Debug|Any CPU
		{755AA0C5-140A-4399-A209-ABBE6BEDCB77}.Debug|Any CPU.Build.0 = Debug|Any CPU
		{755AA0C5-140A-4399-A209-ABBE6BEDCB77}.Release|Any CPU.ActiveCfg = Release|Any CPU
		{755AA0C5-140A-4399-A209-ABBE6BEDCB77}.Release|Any CPU.Build.0 = Release|Any CPU
		{9D491C27-0239-4552-A8DA-81A29F7B64D6}.Debug|Any CPU.ActiveCfg = Debug|Any CPU
		{9D491C27-0239-4552-A8DA-81A29F7B64D6}.Debug|Any CPU.Build.0 = Debug|Any CPU
		{9D491C27-0239-4552-A8DA-81A29F7B64D6}.Release|Any CPU.ActiveCfg = Release|Any CPU
		{9D491C27-0239-4552-A8DA-81A29F7B64D6}.Release|Any CPU.Build.0 = Release|Any CPU
		{A2879591-307E-44E4-907C-45C687ECEEE8}.Debug|Any CPU.ActiveCfg = Debug|Any CPU
		{A2879591-307E-44E4-907C-45C687ECEEE8}.Debug|Any CPU.Build.0 = Debug|Any CPU
		{A2879591-307E-44E4-907C-45C687ECEEE8}.Release|Any CPU.ActiveCfg = Release|Any CPU
		{A2879591-307E-44E4-907C-45C687ECEEE8}.Release|Any CPU.Build.0 = Release|Any CPU
		{E254F55D-F970-4C5B-84BB-BC43FC9DD53C}.Debug|Any CPU.ActiveCfg = Debug|Any CPU
		{E254F55D-F970-4C5B-84BB-BC43FC9DD53C}.Debug|Any CPU.Build.0 = Debug|Any CPU
		{E254F55D-F970-4C5B-84BB-BC43FC9DD53C}.Release|Any CPU.ActiveCfg = Release|Any CPU
		{E254F55D-F970-4C5B-84BB-BC43FC9DD53C}.Release|Any CPU.Build.0 = Release|Any CPU
		{1721097A-8FC2-4472-BF21-B25BA6693A52}.Debug|Any CPU.ActiveCfg = Debug|Any CPU
		{1721097A-8FC2-4472-BF21-B25BA6693A52}.Debug|Any CPU.Build.0 = Debug|Any CPU
		{1721097A-8FC2-4472-BF21-B25BA6693A52}.Release|Any CPU.ActiveCfg = Release|Any CPU
		{1721097A-8FC2-4472-BF21-B25BA6693A52}.Release|Any CPU.Build.0 = Release|Any CPU
		{F4B867C7-9348-4051-BF91-71DC4624406A}.Debug|Any CPU.ActiveCfg = Debug|Any CPU
		{F4B867C7-9348-4051-BF91-71DC4624406A}.Debug|Any CPU.Build.0 = Debug|Any CPU
		{F4B867C7-9348-4051-BF91-71DC4624406A}.Release|Any CPU.ActiveCfg = Release|Any CPU
		{F4B867C7-9348-4051-BF91-71DC4624406A}.Release|Any CPU.Build.0 = Release|Any CPU
		{DBD65647-3B9E-4ABD-956F-7C500161FC55}.Debug|Any CPU.ActiveCfg = Debug|Any CPU
		{DBD65647-3B9E-4ABD-956F-7C500161FC55}.Debug|Any CPU.Build.0 = Debug|Any CPU
		{DBD65647-3B9E-4ABD-956F-7C500161FC55}.Release|Any CPU.ActiveCfg = Release|Any CPU
		{DBD65647-3B9E-4ABD-956F-7C500161FC55}.Release|Any CPU.Build.0 = Release|Any CPU
	EndGlobalSection
	GlobalSection(NestedProjects) = preSolution
		{7B47AA46-E613-4127-9750-7B3B8ED1BD99} = {922B71C8-E691-48CA-B060-83F39C93AB11}
		{E285AD2A-E346-4811-A51C-62C33B620BBA} = {922B71C8-E691-48CA-B060-83F39C93AB11}
		{806E7D34-A3C5-47CE-BC2D-813BC9EDD17F} = {922B71C8-E691-48CA-B060-83F39C93AB11}
		{3C63446A-D064-4D00-99A7-41E300096F74} = {922B71C8-E691-48CA-B060-83F39C93AB11}
		{66702255-0698-4B24-8BD0-C5A82AF15DF7} = {922B71C8-E691-48CA-B060-83F39C93AB11}
		{3359C2AC-414B-4339-8B3C-33D3811CA2A5} = {922B71C8-E691-48CA-B060-83F39C93AB11}
		{3B1235C1-3B53-4D6D-923D-1D91B3B5F4E6} = {922B71C8-E691-48CA-B060-83F39C93AB11}
		{3490434C-4879-4E03-9149-ED1B8FD70CAA} = {922B71C8-E691-48CA-B060-83F39C93AB11}
		{BB9DB91D-1B50-4489-A417-490C786A09AA} = {922B71C8-E691-48CA-B060-83F39C93AB11}
		{17B7EFD6-25C3-4913-9FE4-DDB22520FA8B} = {922B71C8-E691-48CA-B060-83F39C93AB11}
		{849B154B-326C-4771-927C-16EF50C5BE36} = {922B71C8-E691-48CA-B060-83F39C93AB11}
		{A092C062-46F1-4951-B742-D6EDC08FE766} = {922B71C8-E691-48CA-B060-83F39C93AB11}
		{7864E7A4-CF72-43B1-8480-12B2366A9E11} = {922B71C8-E691-48CA-B060-83F39C93AB11}
		{4C468D98-93DE-48FD-A117-87C89C674A7D} = {922B71C8-E691-48CA-B060-83F39C93AB11}
		{ED71BF26-3807-4477-A3A7-F689BE65F7EB} = {922B71C8-E691-48CA-B060-83F39C93AB11}
		{8A77248C-71EE-4C79-ABE4-511D6F9BDF5D} = {922B71C8-E691-48CA-B060-83F39C93AB11}
		{7776D154-FF70-4B18-9407-A7A7CD5E83B4} = {922B71C8-E691-48CA-B060-83F39C93AB11}
		{CA5E6EB7-84D0-488A-898B-370BE5B157DE} = {922B71C8-E691-48CA-B060-83F39C93AB11}
		{EBABAAD7-3D84-4F1E-9BEE-7F1A8516CC99} = {1890FD96-8A5A-4A95-8519-38A759FC29A9}
		{1CCAF025-8322-43F2-88C7-F33B498EB410} = {1890FD96-8A5A-4A95-8519-38A759FC29A9}
		{19F44271-B6E9-4DBB-8F2C-6A6247BAD5BE} = {1890FD96-8A5A-4A95-8519-38A759FC29A9}
		{382773B7-84D3-46D8-BDEC-9879493239E1} = {1890FD96-8A5A-4A95-8519-38A759FC29A9}
		{B4E01A9B-34C4-480E-BC2F-BF74A9AA056C} = {1890FD96-8A5A-4A95-8519-38A759FC29A9}
		{0DA66356-14F4-4F4E-9748-47302FF5FE16} = {1890FD96-8A5A-4A95-8519-38A759FC29A9}
		{12332E99-B665-41F4-8D85-9C8469E2D056} = {1890FD96-8A5A-4A95-8519-38A759FC29A9}
		{755AA0C5-140A-4399-A209-ABBE6BEDCB77} = {1890FD96-8A5A-4A95-8519-38A759FC29A9}
		{9D491C27-0239-4552-A8DA-81A29F7B64D6} = {1890FD96-8A5A-4A95-8519-38A759FC29A9}
		{A2879591-307E-44E4-907C-45C687ECEEE8} = {1890FD96-8A5A-4A95-8519-38A759FC29A9}
		{E254F55D-F970-4C5B-84BB-BC43FC9DD53C} = {1890FD96-8A5A-4A95-8519-38A759FC29A9}
		{1721097A-8FC2-4472-BF21-B25BA6693A52} = {1890FD96-8A5A-4A95-8519-38A759FC29A9}
		{F4B867C7-9348-4051-BF91-71DC4624406A} = {1890FD96-8A5A-4A95-8519-38A759FC29A9}
		{DBD65647-3B9E-4ABD-956F-7C500161FC55} = {922B71C8-E691-48CA-B060-83F39C93AB11}
	EndGlobalSection
EndGlobal
