Microsoft Visual Studio Solution File, Format Version 12.00
# Visual Studio Version 17
VisualStudioVersion = 17.0.31903.59
MinimumVisualStudioVersion = 10.0.40219.1
Project("{2150E333-8FDC-42A3-9474-1A3956D46DE8}") = "src", "src", "{8C1F5396-B94C-4A73-9B89-53E46E6E5E82}"
EndProject
Project("{FAE04EC0-301F-11D3-BF4B-00C04F79EFBC}") = "Conduit.Api", "src\Conduit.Api\Conduit.Api.csproj", "{A1B2C3D4-E5F6-7890-1234-567890ABCDEF}"
EndProject
Project("{FAE04EC0-301F-11D3-BF4B-00C04F79EFBC}") = "Conduit.Common", "src\Conduit.Common\Conduit.Common.csproj", "{B2C3D4E5-F607-8901-2345-678901BCDEF0}"
EndProject
Project("{FAE04EC0-301F-11D3-BF4B-00C04F79EFBC}") = "Conduit.Core", "src\Conduit.Core\Conduit.Core.csproj", "{C3D4E5F6-0718-9012-3456-789012CDEF01}"
EndProject
Project("{FAE04EC0-301F-11D3-BF4B-00C04F79EFBC}") = "Conduit.Pipeline", "src\Conduit.Pipeline\Conduit.Pipeline.csproj", "{D4E5F607-1829-0123-4567-890123DEF012}"
EndProject
Project("{FAE04EC0-301F-11D3-BF4B-00C04F79EFBC}") = "Conduit.Components", "src\Conduit.Components\Conduit.Components.csproj", "{E5F60718-293A-1234-5678-901234EF0123}"
EndProject
Project("{FAE04EC0-301F-11D3-BF4B-00C04F79EFBC}") = "Conduit.Messaging", "src\Conduit.Messaging\Conduit.Messaging.csproj", "{F6071829-3A4B-2345-6789-012345F01234}"
EndProject
Project("{FAE04EC0-301F-11D3-BF4B-00C04F79EFBC}") = "Conduit.Saga", "src\Conduit.Saga\Conduit.Saga.csproj", "{0718293A-4B5C-3456-7890-123456012345}"
EndProject
Project("{FAE04EC0-301F-11D3-BF4B-00C04F79EFBC}") = "Conduit.Gateway", "src\Conduit.Gateway\Conduit.Gateway.csproj", "{18293A4B-5C6D-4567-8901-234567123456}"
EndProject
Project("{FAE04EC0-301F-11D3-BF4B-00C04F79EFBC}") = "Conduit.Serialization", "src\Conduit.Serialization\Conduit.Serialization.csproj", "{293A4B5C-6D7E-5678-9012-345678234567}"
EndProject
Project("{FAE04EC0-301F-11D3-BF4B-00C04F79EFBC}") = "Conduit.Persistence", "src\Conduit.Persistence\Conduit.Persistence.csproj", "{3A4B5C6D-7E8F-6789-0123-456789345678}"
EndProject
Project("{FAE04EC0-301F-11D3-BF4B-00C04F79EFBC}") = "Conduit.Security", "src\Conduit.Security\Conduit.Security.csproj", "{4B5C6D7E-8F90-7890-1234-567890456789}"
EndProject
Project("{FAE04EC0-301F-11D3-BF4B-00C04F79EFBC}") = "Conduit.Resilience", "src\Conduit.Resilience\Conduit.Resilience.csproj", "{5C6D7E8F-9001-8901-2345-678901567890}"
EndProject
Project("{FAE04EC0-301F-11D3-BF4B-00C04F79EFBC}") = "Conduit.Metrics", "src\Conduit.Metrics\Conduit.Metrics.csproj", "{6D7E8F90-0112-9012-3456-789012678901}"
EndProject
Project("{2150E333-8FDC-42A3-9474-1A3956D46DE8}") = "Transports", "Transports", "{7E8F9001-1223-0123-4567-890123789012}"
EndProject
Project("{FAE04EC0-301F-11D3-BF4B-00C04F79EFBC}") = "Conduit.Transports.Core", "src\Conduit.Transports\Conduit.Transports.Core\Conduit.Transports.Core.csproj", "{8F900112-2334-1234-5678-901234890123}"
EndProject
Project("{FAE04EC0-301F-11D3-BF4B-00C04F79EFBC}") = "Conduit.Transports.Amqp", "src\Conduit.Transports\Conduit.Transports.Amqp\Conduit.Transports.Amqp.csproj", "{90011223-3445-2345-6789-012345901234}"
EndProject
Project("{FAE04EC0-301F-11D3-BF4B-00C04F79EFBC}") = "Conduit.Transports.Grpc", "src\Conduit.Transports\Conduit.Transports.Grpc\Conduit.Transports.Grpc.csproj", "{01122334-4556-3456-7890-123456012345}"
EndProject
Project("{FAE04EC0-301F-11D3-BF4B-00C04F79EFBC}") = "Conduit.Transports.Tcp", "src\Conduit.Transports\Conduit.Transports.Tcp\Conduit.Transports.Tcp.csproj", "{12233445-5667-4567-8901-234567123456}"
EndProject
Project("{FAE04EC0-301F-11D3-BF4B-00C04F79EFBC}") = "Conduit.Application", "src\Conduit.Application\Conduit.Application.csproj", "{23344556-6778-5678-9012-345678234567}"
EndProject
Project("{2150E333-8FDC-42A3-9474-1A3956D46DE8}") = "tests", "tests", "{34455667-7889-6789-0123-456789345678}"
EndProject
Project("{FAE04EC0-301F-11D3-BF4B-00C04F79EFBC}") = "Conduit.Core.Tests", "tests\Conduit.Core.Tests\Conduit.Core.Tests.csproj", "{45566778-8990-7890-1234-567890456789}"
EndProject
Project("{FAE04EC0-301F-11D3-BF4B-00C04F79EFBC}") = "Conduit.Messaging.Tests", "tests\Conduit.Messaging.Tests\Conduit.Messaging.Tests.csproj", "{56677889-9001-8901-2345-678901567890}"
EndProject
Project("{FAE04EC0-301F-11D3-BF4B-00C04F79EFBC}") = "Conduit.Pipeline.Tests", "tests\Conduit.Pipeline.Tests\Conduit.Pipeline.Tests.csproj", "{67788990-0112-9012-3456-789012678901}"
EndProject
Project("{FAE04EC0-301F-11D3-BF4B-00C04F79EFBC}") = "Conduit.IntegrationTests", "tests\Conduit.IntegrationTests\Conduit.IntegrationTests.csproj", "{78899001-1223-0123-4567-890123789012}"
EndProject
Project("{2150E333-8FDC-42A3-9474-1A3956D46DE8}") = "examples", "examples", "{89900112-2334-1234-5678-901234890123}"
EndProject
Project("{FAE04EC0-301F-11D3-BF4B-00C04F79EFBC}") = "OrderService", "examples\OrderService\OrderService.csproj", "{90011223-3445-2345-6789-012345901235}"
EndProject
Project("{FAE04EC0-301F-11D3-BF4B-00C04F79EFBC}") = "Conduit.Transports.Core", "src\Conduit.Transports.Core\Conduit.Transports.Core.csproj", "{EE608772-BCAE-4087-AF43-566E2F3EB304}"
EndProject
Project("{FAE04EC0-301F-11D3-BF4B-00C04F79EFBC}") = "Conduit.Transports.ActiveMq", "src\Conduit.Transports.ActiveMq\Conduit.Transports.ActiveMq.csproj", "{6DCEE070-C52B-4DC9-9B9D-387EE3DE8363}"
EndProject
Global
	GlobalSection(SolutionConfigurationPlatforms) = preSolution
		Debug|Any CPU = Debug|Any CPU
		Release|Any CPU = Release|Any CPU
	EndGlobalSection
	GlobalSection(SolutionProperties) = preSolution
		HideSolutionNode = FALSE
	EndGlobalSection
	GlobalSection(ProjectConfigurationPlatforms) = postSolution
		{A1B2C3D4-E5F6-7890-1234-567890ABCDEF}.Debug|Any CPU.ActiveCfg = Debug|Any CPU
		{A1B2C3D4-E5F6-7890-1234-567890ABCDEF}.Debug|Any CPU.Build.0 = Debug|Any CPU
		{A1B2C3D4-E5F6-7890-1234-567890ABCDEF}.Release|Any CPU.ActiveCfg = Release|Any CPU
		{A1B2C3D4-E5F6-7890-1234-567890ABCDEF}.Release|Any CPU.Build.0 = Release|Any CPU
		{EE608772-BCAE-4087-AF43-566E2F3EB304}.Debug|Any CPU.ActiveCfg = Debug|Any CPU
		{EE608772-BCAE-4087-AF43-566E2F3EB304}.Debug|Any CPU.Build.0 = Debug|Any CPU
		{EE608772-BCAE-4087-AF43-566E2F3EB304}.Release|Any CPU.ActiveCfg = Release|Any CPU
		{EE608772-BCAE-4087-AF43-566E2F3EB304}.Release|Any CPU.Build.0 = Release|Any CPU
		{6DCEE070-C52B-4DC9-9B9D-387EE3DE8363}.Debug|Any CPU.ActiveCfg = Debug|Any CPU
		{6DCEE070-C52B-4DC9-9B9D-387EE3DE8363}.Debug|Any CPU.Build.0 = Debug|Any CPU
		{6DCEE070-C52B-4DC9-9B9D-387EE3DE8363}.Release|Any CPU.ActiveCfg = Release|Any CPU
		{6DCEE070-C52B-4DC9-9B9D-387EE3DE8363}.Release|Any CPU.Build.0 = Release|Any CPU
	EndGlobalSection
	GlobalSection(NestedProjects) = preSolution
		{A1B2C3D4-E5F6-7890-1234-567890ABCDEF} = {8C1F5396-B94C-4A73-9B89-53E46E6E5E82}
		{B2C3D4E5-F607-8901-2345-678901BCDEF0} = {8C1F5396-B94C-4A73-9B89-53E46E6E5E82}
		{C3D4E5F6-0718-9012-3456-789012CDEF01} = {8C1F5396-B94C-4A73-9B89-53E46E6E5E82}
		{D4E5F607-1829-0123-4567-890123DEF012} = {8C1F5396-B94C-4A73-9B89-53E46E6E5E82}
		{E5F60718-293A-1234-5678-901234EF0123} = {8C1F5396-B94C-4A73-9B89-53E46E6E5E82}
		{F6071829-3A4B-2345-6789-012345F01234} = {8C1F5396-B94C-4A73-9B89-53E46E6E5E82}
		{0718293A-4B5C-3456-7890-123456012345} = {8C1F5396-B94C-4A73-9B89-53E46E6E5E82}
		{18293A4B-5C6D-4567-8901-234567123456} = {8C1F5396-B94C-4A73-9B89-53E46E6E5E82}
		{293A4B5C-6D7E-5678-9012-345678234567} = {8C1F5396-B94C-4A73-9B89-53E46E6E5E82}
		{3A4B5C6D-7E8F-6789-0123-456789345678} = {8C1F5396-B94C-4A73-9B89-53E46E6E5E82}
		{4B5C6D7E-8F90-7890-1234-567890456789} = {8C1F5396-B94C-4A73-9B89-53E46E6E5E82}
		{5C6D7E8F-9001-8901-2345-678901567890} = {8C1F5396-B94C-4A73-9B89-53E46E6E5E82}
		{6D7E8F90-0112-9012-3456-789012678901} = {8C1F5396-B94C-4A73-9B89-53E46E6E5E82}
		{7E8F9001-1223-0123-4567-890123789012} = {8C1F5396-B94C-4A73-9B89-53E46E6E5E82}
		{8F900112-2334-1234-5678-901234890123} = {7E8F9001-1223-0123-4567-890123789012}
		{90011223-3445-2345-6789-012345901234} = {7E8F9001-1223-0123-4567-890123789012}
		{01122334-4556-3456-7890-123456012345} = {7E8F9001-1223-0123-4567-890123789012}
		{12233445-5667-4567-8901-234567123456} = {7E8F9001-1223-0123-4567-890123789012}
		{23344556-6778-5678-9012-345678234567} = {8C1F5396-B94C-4A73-9B89-53E46E6E5E82}
		{45566778-8990-7890-1234-567890456789} = {34455667-7889-6789-0123-456789345678}
		{56677889-9001-8901-2345-678901567890} = {34455667-7889-6789-0123-456789345678}
		{67788990-0112-9012-3456-789012678901} = {34455667-7889-6789-0123-456789345678}
		{78899001-1223-0123-4567-890123789012} = {34455667-7889-6789-0123-456789345678}
		{90011223-3445-2345-6789-012345901235} = {89900112-2334-1234-5678-901234890123}
		{EE608772-BCAE-4087-AF43-566E2F3EB304} = {8C1F5396-B94C-4A73-9B89-53E46E6E5E82}
		{6DCEE070-C52B-4DC9-9B9D-387EE3DE8363} = {8C1F5396-B94C-4A73-9B89-53E46E6E5E82}
	EndGlobalSection
EndGlobal
